{
  "name": "test-npm-package",
  "version": "1.0.0",
  "lockfileVersion": 3,
  "requires": true,
  "packages": {
    "": {
      "name": "test-npm-package",
      "version": "1.0.0",
      "dependencies": {
        "subdependency": "file:subdependency"
      }
    },
    "node_modules/subdependency": {
      "resolved": "subdependency",
      "link": true
    },
    "subdependency": {
      "version": "1.0.0"
    }
  }
}
